
Microsoft Visual Studio Solution File, Format Version 12.00
# Visual Studio Version 17
VisualStudioVersion = 17.5.001.0
MinimumVisualStudioVersion = 10.0.40219.1
Project("{9A19103F-16F7-4668-BE54-9A1E7A4F7556}") = "Capathon", "Capathon.csproj", "{F2077556-F94D-4E6C-8EDA-F2803EAD8E41}"
EndProject
Global
	GlobalSection(SolutionConfigurationPlatforms) = preSolution
		Debug|Any CPU = Debug|Any CPU
		Release|Any CPU = Release|Any CPU
	EndGlobalSection
	GlobalSection(ProjectConfigurationPlatforms) = postSolution
		{F2077556-F94D-4E6C-8EDA-F2803EAD8E41}.Debug|Any CPU.ActiveCfg = Debug|Any CPU
		{F2077556-F94D-4E6C-8EDA-F2803EAD8E41}.Debug|Any CPU.Build.0 = Debug|Any CPU
		{F2077556-F94D-4E6C-8EDA-F2803EAD8E41}.Release|Any CPU.ActiveCfg = Release|Any CPU
		{F2077556-F94D-4E6C-8EDA-F2803EAD8E41}.Release|Any CPU.Build.0 = Release|Any CPU
	EndGlobalSection
	GlobalSection(SolutionProperties) = preSolution
		HideSolutionNode = FALSE
	EndGlobalSection
	GlobalSection(ExtensibilityGlobals) = postSolution
		SolutionGuid = {70073941-0F1B-4833-8E28-92471FC979DD}
	EndGlobalSection
EndGlobal
